
Microsoft Visual Studio Solution File, Format Version 12.00
# Visual Studio 2012
Project("{FAE04EC0-301F-11D3-BF4B-00C04F79EFBC}") = "demoone", "demoone\demoone.csproj", "{AE25C434-6181-4898-AFD4-002D705EFBDB}"
EndProject
Global
	GlobalSection(SolutionConfigurationPlatforms) = preSolution
		Debug|Any CPU = Debug|Any CPU
		Release|Any CPU = Release|Any CPU
	EndGlobalSection
	GlobalSection(ProjectConfigurationPlatforms) = postSolution
		{AE25C434-6181-4898-AFD4-002D705EFBDB}.Debug|Any CPU.ActiveCfg = Debug|Any CPU
		{AE25C434-6181-4898-AFD4-002D705EFBDB}.Debug|Any CPU.Build.0 = Debug|Any CPU
		{AE25C434-6181-4898-AFD4-002D705EFBDB}.Release|Any CPU.ActiveCfg = Release|Any CPU
		{AE25C434-6181-4898-AFD4-002D705EFBDB}.Release|Any CPU.Build.0 = Release|Any CPU
	EndGlobalSection
	GlobalSection(SolutionProperties) = preSolution
		HideSolutionNode = FALSE
	EndGlobalSection
EndGlobal
